
Microsoft Visual Studio Solution File, Format Version 12.00
# Visual Studio Version 17
VisualStudioVersion = 17.8.34330.188
MinimumVisualStudioVersion = 10.0.40219.1
Project("{FAE04EC0-301F-11D3-BF4B-00C04F79EFBC}") = "APIAutomationProject", "APIAutomationProject\APIAutomationProject.csproj", "{65DAA8A9-6B63-48FB-BCBD-412EF90A715A}"
EndProject
Global
	GlobalSection(SolutionConfigurationPlatforms) = preSolution
		Debug|Any CPU = Debug|Any CPU
		Release|Any CPU = Release|Any CPU
	EndGlobalSection
	GlobalSection(ProjectConfigurationPlatforms) = postSolution
		{65DAA8A9-6B63-48FB-BCBD-412EF90A715A}.Debug|Any CPU.ActiveCfg = Debug|Any CPU
		{65DAA8A9-6B63-48FB-BCBD-412EF90A715A}.Debug|Any CPU.Build.0 = Debug|Any CPU
		{65DAA8A9-6B63-48FB-BCBD-412EF90A715A}.Release|Any CPU.ActiveCfg = Release|Any CPU
		{65DAA8A9-6B63-48FB-BCBD-412EF90A715A}.Release|Any CPU.Build.0 = Release|Any CPU
	EndGlobalSection
	GlobalSection(SolutionProperties) = preSolution
		HideSolutionNode = FALSE
	EndGlobalSection
	GlobalSection(ExtensibilityGlobals) = postSolution
		SolutionGuid = {B4950616-C532-425E-8C6F-A7441B8C743F}
	EndGlobalSection
EndGlobal
